// !$*UTF8*$!
{
	archiveVersion = 1;
	classes = {
	};
	objectVersion = 77;
	objects = {

/* Begin PBXBuildFile section */
		08BDEBF3CE8ACDE8B11C8E68 /* BlendComponent.swift in Sources */ = {isa = PBXBuildFile; fileRef = 788E758912A3E977A1C1B564 /* BlendComponent.swift */; };
		103B0871B405E9B428F01578 /* BestPriceCard.swift in Sources */ = {isa = PBXBuildFile; fileRef = 0F3CF1ACAE27C673FA9C6777 /* BestPriceCard.swift */; };
		115A36B95CA93CFE4D166FDA /* PeptideVisuals.swift in Sources */ = {isa = PBXBuildFile; fileRef = 70603CE558C08F16F8F859BC /* PeptideVisuals.swift */; };
		1A85CB75623985CB3B184F44 /* SupabaseConfig.swift in Sources */ = {isa = PBXBuildFile; fileRef = 34F989669A400A933E914A2E /* SupabaseConfig.swift */; };
		23C53668B8EF10FB9C8DECB0 /* DarkHomeUI.swift in Sources */ = {isa = PBXBuildFile; fileRef = 370BB942324138DE2DFCD57F /* DarkHomeUI.swift */; };
		2F7FC652F067C22849ACC3A6 /* SubmitView.swift in Sources */ = {isa = PBXBuildFile; fileRef = BD5DFD6BAD233FD8FE5C96E5 /* SubmitView.swift */; };
		2FC875D6F5C786961D6EC6FA /* Peptide.swift in Sources */ = {isa = PBXBuildFile; fileRef = 0E225FADD55185C1AD607B5E /* Peptide.swift */; };
		319A949957D1C42644045C1D /* FavoritesStore.swift in Sources */ = {isa = PBXBuildFile; fileRef = 990130D980FCE08771430870 /* FavoritesStore.swift */; };
		36725886AF2A6A77849D9AA8 /* ModelContainerFactory.swift in Sources */ = {isa = PBXBuildFile; fileRef = 8C543EB19C8A144911ED7802 /* ModelContainerFactory.swift */; };
		3B3ED2B70D8D679D66464EF1 /* Vendor.swift in Sources */ = {isa = PBXBuildFile; fileRef = 0A86A56405A132BBF91A5785 /* Vendor.swift */; };
		3DF15C3E96E8256D8AFEA1AD /* PeptideCompareCard.swift in Sources */ = {isa = PBXBuildFile; fileRef = 07B371FE28BF7FE482BD8D55 /* PeptideCompareCard.swift */; };
		464FA96BEE6BAB4FF4F4033B /* PeptideListRow.swift in Sources */ = {isa = PBXBuildFile; fileRef = 2C6E7999377174E0E5C8ECF1 /* PeptideListRow.swift */; };
		53053205796453EB9B5AD3A6 /* PeptideDetailView.swift in Sources */ = {isa = PBXBuildFile; fileRef = 80AC47ED433569A7B1E0EBD1 /* PeptideDetailView.swift */; };
		54F6D83879C19D7F1102A924 /* HomeView.swift in Sources */ = {isa = PBXBuildFile; fileRef = 603B9206D40F605AFB1B4F3F /* HomeView.swift */; };
		55758E7A304B62BFC2B153C3 /* HistoryRange.swift in Sources */ = {isa = PBXBuildFile; fileRef = B054FDCF19DE9168FC1EA1BB /* HistoryRange.swift */; };
		577DECE657D162F51984E71E /* VendorCompareTable.swift in Sources */ = {isa = PBXBuildFile; fileRef = 837A2747A6E67B0972163D38 /* VendorCompareTable.swift */; };
		58AE830CAC2131F85612B93B /* AlertSetupSheet.swift in Sources */ = {isa = PBXBuildFile; fileRef = 0F5ED7F5D587997C89B48EF4 /* AlertSetupSheet.swift */; };
		5FD0F38CB59506BAA679A767 /* PushNotificationService.swift in Sources */ = {isa = PBXBuildFile; fileRef = F2BC30CCBFCD05F5B252E4B0 /* PushNotificationService.swift */; };
		6D3A916F4FFFD046EA8D9084 /* PricePoint.swift in Sources */ = {isa = PBXBuildFile; fileRef = 70A4F44EDFF4963CC70B1A8A /* PricePoint.swift */; };
		71E736D737F85FD54F1B3E62 /* TrendingPeptideCard.swift in Sources */ = {isa = PBXBuildFile; fileRef = 269AD417217B69B901434F5F /* TrendingPeptideCard.swift */; };
		797427880FEC53A81A3EDD04 /* HomeHighlight.swift in Sources */ = {isa = PBXBuildFile; fileRef = 83FDDE54FDD252309BAD294D /* HomeHighlight.swift */; };
		7DFE2F2663B5ACCB07DC0F73 /* WatchlistView.swift in Sources */ = {isa = PBXBuildFile; fileRef = 94943AAEDB40EB0A92D89D8C /* WatchlistView.swift */; };
		816087008AA5AE19CBD38FC2 /* AuthSession.swift in Sources */ = {isa = PBXBuildFile; fileRef = ACED4F51561FDAAC34F6FDD3 /* AuthSession.swift */; };
		829744DA3BCBAE9270D65E00 /* Assets.xcassets in Resources */ = {isa = PBXBuildFile; fileRef = B9EA6BC638B95303027E882B /* Assets.xcassets */; };
		85CB893E392DD0A0E9E8CAC7 /* Dose.swift in Sources */ = {isa = PBXBuildFile; fileRef = 12872C063383EC2C4CC6B627 /* Dose.swift */; };
		914CF1C094FE171D1D19A24A /* CompactVendorRow.swift in Sources */ = {isa = PBXBuildFile; fileRef = D851B961771ED2A2EE758386 /* CompactVendorRow.swift */; };
		923EED990A199C2AB7595CDA /* ContentView.swift in Sources */ = {isa = PBXBuildFile; fileRef = F37EAB22B17574AFE9819DA6 /* ContentView.swift */; };
		927B4ADC089C9FD745C0446B /* PriceHistoryAnalytics.swift in Sources */ = {isa = PBXBuildFile; fileRef = 12C4F0C812811256EF8DC6B0 /* PriceHistoryAnalytics.swift */; };
		94BE4A98A7EFAB942D2F3691 /* VendorsListSheet.swift in Sources */ = {isa = PBXBuildFile; fileRef = 77F58AD3C916018E46133A8C /* VendorsListSheet.swift */; };
		985618EFD96BF48F5315D2B9 /* VendorPriceRow.swift in Sources */ = {isa = PBXBuildFile; fileRef = 9F3075192BBCC38C8BD862FC /* VendorPriceRow.swift */; };
		A36A21F9B081143134D27C99 /* PeptideCatalog.swift in Sources */ = {isa = PBXBuildFile; fileRef = 4F3B1B1BAE39321E11AB9159 /* PeptideCatalog.swift */; };
		AAF7E85C5575351DCE6EE3AE /* PriceAlert.swift in Sources */ = {isa = PBXBuildFile; fileRef = 91932D6FF06A7B68FD0AB820 /* PriceAlert.swift */; };
		B25F9633B2026B4004A70D8E /* APIDTOs.swift in Sources */ = {isa = PBXBuildFile; fileRef = 280C4A96571DD28DB105D42E /* APIDTOs.swift */; };
		B97D698FCA60F95486142140 /* DataSyncService.swift in Sources */ = {isa = PBXBuildFile; fileRef = CB4177989A9BF02CB5023E36 /* DataSyncService.swift */; };
		C022C77CBBD2A0CDDB778ADD /* APIClient.swift in Sources */ = {isa = PBXBuildFile; fileRef = C365208CC1A65928D18DDBDC /* APIClient.swift */; };
		C7255C0D71F32D525BC31247 /* AppTheme.swift in Sources */ = {isa = PBXBuildFile; fileRef = 696D1BA10CC858FC8CDA3BC8 /* AppTheme.swift */; };
		CABD654EFD816DA5AE6A496D /* OnboardingView.swift in Sources */ = {isa = PBXBuildFile; fileRef = F8A44894C21C1539859C5E9E /* OnboardingView.swift */; };
		CD379F26EF34DB2A4E9D614B /* PriceDropBadge.swift in Sources */ = {isa = PBXBuildFile; fileRef = C337814DC8F07C0B005E26F7 /* PriceDropBadge.swift */; };
		D087D2B2FD791F46991691DE /* SampleDataLoader.swift in Sources */ = {isa = PBXBuildFile; fileRef = AFC68A96101368A308A421AC /* SampleDataLoader.swift */; };
		D209D945B48959FDBD0F5167 /* PriceHistoryView.swift in Sources */ = {isa = PBXBuildFile; fileRef = 4FB11B9DE56F61C3F8218C7F /* PriceHistoryView.swift */; };
		D39D9E26F5D84D1665265F73 /* PeptidePriceTrackerApp.swift in Sources */ = {isa = PBXBuildFile; fileRef = 4813C6AEE25A184738EE910B /* PeptidePriceTrackerApp.swift */; };
		D8BF27BCE7430E573C925111 /* Price.swift in Sources */ = {isa = PBXBuildFile; fileRef = E47FFBE3FA0513E259FA84B0 /* Price.swift */; };
		DAEC3DAA99287E48EFBA47A9 /* AppDelegate.swift in Sources */ = {isa = PBXBuildFile; fileRef = FD92F056811606C3AB6E3E26 /* AppDelegate.swift */; };
		E1486536B650B5DDE218F6E6 /* VendorCatalog.swift in Sources */ = {isa = PBXBuildFile; fileRef = 03C7EAF565EEDEC28DED4B5A /* VendorCatalog.swift */; };
		E59C5CAA50300C64FFBC5981 /* CurrencyFormatter.swift in Sources */ = {isa = PBXBuildFile; fileRef = 26FF0E10056E13E8DAF442DE /* CurrencyFormatter.swift */; };
		F7A3D278F73442723EEE1127 /* ProductLinkButton.swift in Sources */ = {isa = PBXBuildFile; fileRef = A4C59CEA0794627BCE328123 /* ProductLinkButton.swift */; };
/* End PBXBuildFile section */

/* Begin PBXFileReference section */
		03C7EAF565EEDEC28DED4B5A /* VendorCatalog.swift */ = {isa = PBXFileReference; lastKnownFileType = sourcecode.swift; path = VendorCatalog.swift; sourceTree = "<group>"; };
		07B371FE28BF7FE482BD8D55 /* PeptideCompareCard.swift */ = {isa = PBXFileReference; lastKnownFileType = sourcecode.swift; path = PeptideCompareCard.swift; sourceTree = "<group>"; };
		0A86A56405A132BBF91A5785 /* Vendor.swift */ = {isa = PBXFileReference; lastKnownFileType = sourcecode.swift; path = Vendor.swift; sourceTree = "<group>"; };
		0CCF27D12214C10A1C97B463 /* PeptidePriceTracker.app */ = {isa = PBXFileReference; includeInIndex = 0; lastKnownFileType = wrapper.application; path = PeptidePriceTracker.app; sourceTree = BUILT_PRODUCTS_DIR; };
		0E225FADD55185C1AD607B5E /* Peptide.swift */ = {isa = PBXFileReference; lastKnownFileType = sourcecode.swift; path = Peptide.swift; sourceTree = "<group>"; };
		0F3CF1ACAE27C673FA9C6777 /* BestPriceCard.swift */ = {isa = PBXFileReference; lastKnownFileType = sourcecode.swift; path = BestPriceCard.swift; sourceTree = "<group>"; };
		0F5ED7F5D587997C89B48EF4 /* AlertSetupSheet.swift */ = {isa = PBXFileReference; lastKnownFileType = sourcecode.swift; path = AlertSetupSheet.swift; sourceTree = "<group>"; };
		12872C063383EC2C4CC6B627 /* Dose.swift */ = {isa = PBXFileReference; lastKnownFileType = sourcecode.swift; path = Dose.swift; sourceTree = "<group>"; };
		12C4F0C812811256EF8DC6B0 /* PriceHistoryAnalytics.swift */ = {isa = PBXFileReference; lastKnownFileType = sourcecode.swift; path = PriceHistoryAnalytics.swift; sourceTree = "<group>"; };
		269AD417217B69B901434F5F /* TrendingPeptideCard.swift */ = {isa = PBXFileReference; lastKnownFileType = sourcecode.swift; path = TrendingPeptideCard.swift; sourceTree = "<group>"; };
		26FF0E10056E13E8DAF442DE /* CurrencyFormatter.swift */ = {isa = PBXFileReference; lastKnownFileType = sourcecode.swift; path = CurrencyFormatter.swift; sourceTree = "<group>"; };
		280C4A96571DD28DB105D42E /* APIDTOs.swift */ = {isa = PBXFileReference; lastKnownFileType = sourcecode.swift; path = APIDTOs.swift; sourceTree = "<group>"; };
		2C6E7999377174E0E5C8ECF1 /* PeptideListRow.swift */ = {isa = PBXFileReference; lastKnownFileType = sourcecode.swift; path = PeptideListRow.swift; sourceTree = "<group>"; };
		34F989669A400A933E914A2E /* SupabaseConfig.swift */ = {isa = PBXFileReference; lastKnownFileType = sourcecode.swift; path = SupabaseConfig.swift; sourceTree = "<group>"; };
		370BB942324138DE2DFCD57F /* DarkHomeUI.swift */ = {isa = PBXFileReference; lastKnownFileType = sourcecode.swift; path = DarkHomeUI.swift; sourceTree = "<group>"; };
		4813C6AEE25A184738EE910B /* PeptidePriceTrackerApp.swift */ = {isa = PBXFileReference; lastKnownFileType = sourcecode.swift; path = PeptidePriceTrackerApp.swift; sourceTree = "<group>"; };
		4F3B1B1BAE39321E11AB9159 /* PeptideCatalog.swift */ = {isa = PBXFileReference; lastKnownFileType = sourcecode.swift; path = PeptideCatalog.swift; sourceTree = "<group>"; };
		4FB11B9DE56F61C3F8218C7F /* PriceHistoryView.swift */ = {isa = PBXFileReference; lastKnownFileType = sourcecode.swift; path = PriceHistoryView.swift; sourceTree = "<group>"; };
		603B9206D40F605AFB1B4F3F /* HomeView.swift */ = {isa = PBXFileReference; lastKnownFileType = sourcecode.swift; path = HomeView.swift; sourceTree = "<group>"; };
		696D1BA10CC858FC8CDA3BC8 /* AppTheme.swift */ = {isa = PBXFileReference; lastKnownFileType = sourcecode.swift; path = AppTheme.swift; sourceTree = "<group>"; };
		70603CE558C08F16F8F859BC /* PeptideVisuals.swift */ = {isa = PBXFileReference; lastKnownFileType = sourcecode.swift; path = PeptideVisuals.swift; sourceTree = "<group>"; };
		70A4F44EDFF4963CC70B1A8A /* PricePoint.swift */ = {isa = PBXFileReference; lastKnownFileType = sourcecode.swift; path = PricePoint.swift; sourceTree = "<group>"; };
		728DA39D32B25D4E23544F6A /* PeptidePriceTracker.entitlements */ = {isa = PBXFileReference; lastKnownFileType = text.plist.entitlements; path = PeptidePriceTracker.entitlements; sourceTree = "<group>"; };
		77F58AD3C916018E46133A8C /* VendorsListSheet.swift */ = {isa = PBXFileReference; lastKnownFileType = sourcecode.swift; path = VendorsListSheet.swift; sourceTree = "<group>"; };
		788E758912A3E977A1C1B564 /* BlendComponent.swift */ = {isa = PBXFileReference; lastKnownFileType = sourcecode.swift; path = BlendComponent.swift; sourceTree = "<group>"; };
		80AC47ED433569A7B1E0EBD1 /* PeptideDetailView.swift */ = {isa = PBXFileReference; lastKnownFileType = sourcecode.swift; path = PeptideDetailView.swift; sourceTree = "<group>"; };
		837A2747A6E67B0972163D38 /* VendorCompareTable.swift */ = {isa = PBXFileReference; lastKnownFileType = sourcecode.swift; path = VendorCompareTable.swift; sourceTree = "<group>"; };
		83FDDE54FDD252309BAD294D /* HomeHighlight.swift */ = {isa = PBXFileReference; lastKnownFileType = sourcecode.swift; path = HomeHighlight.swift; sourceTree = "<group>"; };
		8BC3D227701B245B1CE5AC83 /* Info.plist */ = {isa = PBXFileReference; lastKnownFileType = text.plist; path = Info.plist; sourceTree = "<group>"; };
		8C543EB19C8A144911ED7802 /* ModelContainerFactory.swift */ = {isa = PBXFileReference; lastKnownFileType = sourcecode.swift; path = ModelContainerFactory.swift; sourceTree = "<group>"; };
		91932D6FF06A7B68FD0AB820 /* PriceAlert.swift */ = {isa = PBXFileReference; lastKnownFileType = sourcecode.swift; path = PriceAlert.swift; sourceTree = "<group>"; };
		94943AAEDB40EB0A92D89D8C /* WatchlistView.swift */ = {isa = PBXFileReference; lastKnownFileType = sourcecode.swift; path = WatchlistView.swift; sourceTree = "<group>"; };
		990130D980FCE08771430870 /* FavoritesStore.swift */ = {isa = PBXFileReference; lastKnownFileType = sourcecode.swift; path = FavoritesStore.swift; sourceTree = "<group>"; };
		9F3075192BBCC38C8BD862FC /* VendorPriceRow.swift */ = {isa = PBXFileReference; lastKnownFileType = sourcecode.swift; path = VendorPriceRow.swift; sourceTree = "<group>"; };
		A4C59CEA0794627BCE328123 /* ProductLinkButton.swift */ = {isa = PBXFileReference; lastKnownFileType = sourcecode.swift; path = ProductLinkButton.swift; sourceTree = "<group>"; };
		ACED4F51561FDAAC34F6FDD3 /* AuthSession.swift */ = {isa = PBXFileReference; lastKnownFileType = sourcecode.swift; path = AuthSession.swift; sourceTree = "<group>"; };
		AFC68A96101368A308A421AC /* SampleDataLoader.swift */ = {isa = PBXFileReference; lastKnownFileType = sourcecode.swift; path = SampleDataLoader.swift; sourceTree = "<group>"; };
		B054FDCF19DE9168FC1EA1BB /* HistoryRange.swift */ = {isa = PBXFileReference; lastKnownFileType = sourcecode.swift; path = HistoryRange.swift; sourceTree = "<group>"; };
		B9EA6BC638B95303027E882B /* Assets.xcassets */ = {isa = PBXFileReference; lastKnownFileType = folder.assetcatalog; path = Assets.xcassets; sourceTree = "<group>"; };
		BD5DFD6BAD233FD8FE5C96E5 /* SubmitView.swift */ = {isa = PBXFileReference; lastKnownFileType = sourcecode.swift; path = SubmitView.swift; sourceTree = "<group>"; };
		C337814DC8F07C0B005E26F7 /* PriceDropBadge.swift */ = {isa = PBXFileReference; lastKnownFileType = sourcecode.swift; path = PriceDropBadge.swift; sourceTree = "<group>"; };
		C365208CC1A65928D18DDBDC /* APIClient.swift */ = {isa = PBXFileReference; lastKnownFileType = sourcecode.swift; path = APIClient.swift; sourceTree = "<group>"; };
		CB4177989A9BF02CB5023E36 /* DataSyncService.swift */ = {isa = PBXFileReference; lastKnownFileType = sourcecode.swift; path = DataSyncService.swift; sourceTree = "<group>"; };
		D851B961771ED2A2EE758386 /* CompactVendorRow.swift */ = {isa = PBXFileReference; lastKnownFileType = sourcecode.swift; path = CompactVendorRow.swift; sourceTree = "<group>"; };
		E47FFBE3FA0513E259FA84B0 /* Price.swift */ = {isa = PBXFileReference; lastKnownFileType = sourcecode.swift; path = Price.swift; sourceTree = "<group>"; };
		E66A2B1A2D891CF58950C6CB /* Secrets.xcconfig */ = {isa = PBXFileReference; lastKnownFileType = text.xcconfig; path = Secrets.xcconfig; sourceTree = "<group>"; };
		F2BC30CCBFCD05F5B252E4B0 /* PushNotificationService.swift */ = {isa = PBXFileReference; lastKnownFileType = sourcecode.swift; path = PushNotificationService.swift; sourceTree = "<group>"; };
		F37EAB22B17574AFE9819DA6 /* ContentView.swift */ = {isa = PBXFileReference; lastKnownFileType = sourcecode.swift; path = ContentView.swift; sourceTree = "<group>"; };
		F8A44894C21C1539859C5E9E /* OnboardingView.swift */ = {isa = PBXFileReference; lastKnownFileType = sourcecode.swift; path = OnboardingView.swift; sourceTree = "<group>"; };
		FD92F056811606C3AB6E3E26 /* AppDelegate.swift */ = {isa = PBXFileReference; lastKnownFileType = sourcecode.swift; path = AppDelegate.swift; sourceTree = "<group>"; };
/* End PBXFileReference section */

/* Begin PBXGroup section */
		039DC07A909E8E0986916527 /* Networking */ = {
			isa = PBXGroup;
			children = (
				C365208CC1A65928D18DDBDC /* APIClient.swift */,
				ACED4F51561FDAAC34F6FDD3 /* AuthSession.swift */,
				B054FDCF19DE9168FC1EA1BB /* HistoryRange.swift */,
				F2BC30CCBFCD05F5B252E4B0 /* PushNotificationService.swift */,
				E8D2F38E0B78783F1FFCEECC /* DTOs */,
			);
			path = Networking;
			sourceTree = "<group>";
		};
		08577488F1CA70796192D30A /* Data */ = {
			isa = PBXGroup;
			children = (
				CB4177989A9BF02CB5023E36 /* DataSyncService.swift */,
				8C543EB19C8A144911ED7802 /* ModelContainerFactory.swift */,
				AFC68A96101368A308A421AC /* SampleDataLoader.swift */,
			);
			path = Data;
			sourceTree = "<group>";
		};
		0E30D4B15F9EFC0A826C3CF5 /* Views */ = {
			isa = PBXGroup;
			children = (
				0F5ED7F5D587997C89B48EF4 /* AlertSetupSheet.swift */,
				603B9206D40F605AFB1B4F3F /* HomeView.swift */,
				F8A44894C21C1539859C5E9E /* OnboardingView.swift */,
				80AC47ED433569A7B1E0EBD1 /* PeptideDetailView.swift */,
				4FB11B9DE56F61C3F8218C7F /* PriceHistoryView.swift */,
				BD5DFD6BAD233FD8FE5C96E5 /* SubmitView.swift */,
				77F58AD3C916018E46133A8C /* VendorsListSheet.swift */,
				94943AAEDB40EB0A92D89D8C /* WatchlistView.swift */,
				86FB647E2B6F2DF9ADAC2238 /* Components */,
			);
			path = Views;
			sourceTree = "<group>";
		};
		175AF2F4F6B7C221AF2DBC86 /* Utilities */ = {
			isa = PBXGroup;
			children = (
				696D1BA10CC858FC8CDA3BC8 /* AppTheme.swift */,
				26FF0E10056E13E8DAF442DE /* CurrencyFormatter.swift */,
				990130D980FCE08771430870 /* FavoritesStore.swift */,
				83FDDE54FDD252309BAD294D /* HomeHighlight.swift */,
				4F3B1B1BAE39321E11AB9159 /* PeptideCatalog.swift */,
				70603CE558C08F16F8F859BC /* PeptideVisuals.swift */,
				12C4F0C812811256EF8DC6B0 /* PriceHistoryAnalytics.swift */,
				03C7EAF565EEDEC28DED4B5A /* VendorCatalog.swift */,
			);
			path = Utilities;
			sourceTree = "<group>";
		};
		252F6E8F3AB97785CE41DCA2 /* Products */ = {
			isa = PBXGroup;
			children = (
				0CCF27D12214C10A1C97B463 /* PeptidePriceTracker.app */,
			);
			name = Products;
			sourceTree = "<group>";
		};
		2D82B45B7A45B2516ED3409E /* Models */ = {
			isa = PBXGroup;
			children = (
				788E758912A3E977A1C1B564 /* BlendComponent.swift */,
				12872C063383EC2C4CC6B627 /* Dose.swift */,
				0E225FADD55185C1AD607B5E /* Peptide.swift */,
				E47FFBE3FA0513E259FA84B0 /* Price.swift */,
				91932D6FF06A7B68FD0AB820 /* PriceAlert.swift */,
				70A4F44EDFF4963CC70B1A8A /* PricePoint.swift */,
				0A86A56405A132BBF91A5785 /* Vendor.swift */,
			);
			path = Models;
			sourceTree = "<group>";
		};
		2F4F3FB7630B932263C02C74 /* Config */ = {
			isa = PBXGroup;
			children = (
				34F989669A400A933E914A2E /* SupabaseConfig.swift */,
			);
			path = Config;
			sourceTree = "<group>";
		};
		3D28F286124D61B16812F22E = {
			isa = PBXGroup;
			children = (
				96096FFFC0AB846BB46059CD /* peptide-app */,
				6AD2603461252FD5C996C7B5 /* PeptidePriceTracker */,
				252F6E8F3AB97785CE41DCA2 /* Products */,
			);
			sourceTree = "<group>";
		};
		6AD2603461252FD5C996C7B5 /* PeptidePriceTracker */ = {
			isa = PBXGroup;
			children = (
				FD92F056811606C3AB6E3E26 /* AppDelegate.swift */,
				B9EA6BC638B95303027E882B /* Assets.xcassets */,
				F37EAB22B17574AFE9819DA6 /* ContentView.swift */,
				8BC3D227701B245B1CE5AC83 /* Info.plist */,
				728DA39D32B25D4E23544F6A /* PeptidePriceTracker.entitlements */,
				4813C6AEE25A184738EE910B /* PeptidePriceTrackerApp.swift */,
				2F4F3FB7630B932263C02C74 /* Config */,
				08577488F1CA70796192D30A /* Data */,
				2D82B45B7A45B2516ED3409E /* Models */,
				039DC07A909E8E0986916527 /* Networking */,
				175AF2F4F6B7C221AF2DBC86 /* Utilities */,
				0E30D4B15F9EFC0A826C3CF5 /* Views */,
			);
			path = PeptidePriceTracker;
			sourceTree = "<group>";
		};
		86FB647E2B6F2DF9ADAC2238 /* Components */ = {
			isa = PBXGroup;
			children = (
				0F3CF1ACAE27C673FA9C6777 /* BestPriceCard.swift */,
				D851B961771ED2A2EE758386 /* CompactVendorRow.swift */,
				370BB942324138DE2DFCD57F /* DarkHomeUI.swift */,
				07B371FE28BF7FE482BD8D55 /* PeptideCompareCard.swift */,
				2C6E7999377174E0E5C8ECF1 /* PeptideListRow.swift */,
				C337814DC8F07C0B005E26F7 /* PriceDropBadge.swift */,
				A4C59CEA0794627BCE328123 /* ProductLinkButton.swift */,
				269AD417217B69B901434F5F /* TrendingPeptideCard.swift */,
				837A2747A6E67B0972163D38 /* VendorCompareTable.swift */,
				9F3075192BBCC38C8BD862FC /* VendorPriceRow.swift */,
			);
			path = Components;
			sourceTree = "<group>";
		};
		96096FFFC0AB846BB46059CD /* peptide-app */ = {
			isa = PBXGroup;
			children = (
				E66A2B1A2D891CF58950C6CB /* Secrets.xcconfig */,
			);
			name = "peptide-app";
			path = .;
			sourceTree = "<group>";
		};
		E8D2F38E0B78783F1FFCEECC /* DTOs */ = {
			isa = PBXGroup;
			children = (
				280C4A96571DD28DB105D42E /* APIDTOs.swift */,
			);
			path = DTOs;
			sourceTree = "<group>";
		};
/* End PBXGroup section */

/* Begin PBXNativeTarget section */
		BFA96DE3B0CB3CA18A6B3459 /* PeptidePriceTracker */ = {
			isa = PBXNativeTarget;
			buildConfigurationList = C15CD9FDEB8CE81CDCCED1F0 /* Build configuration list for PBXNativeTarget "PeptidePriceTracker" */;
			buildPhases = (
				F37F13BE457084504C327393 /* Sources */,
				DFF1A91E484313FB93E313F5 /* Resources */,
			);
			buildRules = (
			);
			dependencies = (
			);
			name = PeptidePriceTracker;
			packageProductDependencies = (
			);
			productName = PeptidePriceTracker;
			productReference = 0CCF27D12214C10A1C97B463 /* PeptidePriceTracker.app */;
			productType = "com.apple.product-type.application";
		};
/* End PBXNativeTarget section */

/* Begin PBXProject section */
		0C195237C01E73E7C757B410 /* Project object */ = {
			isa = PBXProject;
			attributes = {
				BuildIndependentTargetsInParallel = YES;
				LastUpgradeCheck = 1500;
				TargetAttributes = {
					BFA96DE3B0CB3CA18A6B3459 = {
						ProvisioningStyle = Automatic;
					};
				};
			};
			buildConfigurationList = D597BD2DFC58E0A219E078BF /* Build configuration list for PBXProject "PeptidePriceTracker" */;
			developmentRegion = en;
			hasScannedForEncodings = 0;
			knownRegions = (
				Base,
				en,
			);
			mainGroup = 3D28F286124D61B16812F22E;
			minimizedProjectReferenceProxies = 1;
			preferredProjectObjectVersion = 77;
			productRefGroup = 252F6E8F3AB97785CE41DCA2 /* Products */;
			projectDirPath = "";
			projectRoot = "";
			targets = (
				BFA96DE3B0CB3CA18A6B3459 /* PeptidePriceTracker */,
			);
		};
/* End PBXProject section */

/* Begin PBXResourcesBuildPhase section */
		DFF1A91E484313FB93E313F5 /* Resources */ = {
			isa = PBXResourcesBuildPhase;
			buildActionMask = 2147483647;
			files = (
				829744DA3BCBAE9270D65E00 /* Assets.xcassets in Resources */,
			);
			runOnlyForDeploymentPostprocessing = 0;
		};
/* End PBXResourcesBuildPhase section */

/* Begin PBXSourcesBuildPhase section */
		F37F13BE457084504C327393 /* Sources */ = {
			isa = PBXSourcesBuildPhase;
			buildActionMask = 2147483647;
			files = (
				C022C77CBBD2A0CDDB778ADD /* APIClient.swift in Sources */,
				B25F9633B2026B4004A70D8E /* APIDTOs.swift in Sources */,
				58AE830CAC2131F85612B93B /* AlertSetupSheet.swift in Sources */,
				DAEC3DAA99287E48EFBA47A9 /* AppDelegate.swift in Sources */,
				C7255C0D71F32D525BC31247 /* AppTheme.swift in Sources */,
				816087008AA5AE19CBD38FC2 /* AuthSession.swift in Sources */,
				103B0871B405E9B428F01578 /* BestPriceCard.swift in Sources */,
				08BDEBF3CE8ACDE8B11C8E68 /* BlendComponent.swift in Sources */,
				914CF1C094FE171D1D19A24A /* CompactVendorRow.swift in Sources */,
				923EED990A199C2AB7595CDA /* ContentView.swift in Sources */,
				E59C5CAA50300C64FFBC5981 /* CurrencyFormatter.swift in Sources */,
				23C53668B8EF10FB9C8DECB0 /* DarkHomeUI.swift in Sources */,
				B97D698FCA60F95486142140 /* DataSyncService.swift in Sources */,
				85CB893E392DD0A0E9E8CAC7 /* Dose.swift in Sources */,
				319A949957D1C42644045C1D /* FavoritesStore.swift in Sources */,
				55758E7A304B62BFC2B153C3 /* HistoryRange.swift in Sources */,
				797427880FEC53A81A3EDD04 /* HomeHighlight.swift in Sources */,
				54F6D83879C19D7F1102A924 /* HomeView.swift in Sources */,
				36725886AF2A6A77849D9AA8 /* ModelContainerFactory.swift in Sources */,
				CABD654EFD816DA5AE6A496D /* OnboardingView.swift in Sources */,
				2FC875D6F5C786961D6EC6FA /* Peptide.swift in Sources */,
				A36A21F9B081143134D27C99 /* PeptideCatalog.swift in Sources */,
				3DF15C3E96E8256D8AFEA1AD /* PeptideCompareCard.swift in Sources */,
				53053205796453EB9B5AD3A6 /* PeptideDetailView.swift in Sources */,
				464FA96BEE6BAB4FF4F4033B /* PeptideListRow.swift in Sources */,
				D39D9E26F5D84D1665265F73 /* PeptidePriceTrackerApp.swift in Sources */,
				115A36B95CA93CFE4D166FDA /* PeptideVisuals.swift in Sources */,
				D8BF27BCE7430E573C925111 /* Price.swift in Sources */,
				AAF7E85C5575351DCE6EE3AE /* PriceAlert.swift in Sources */,
				CD379F26EF34DB2A4E9D614B /* PriceDropBadge.swift in Sources */,
				927B4ADC089C9FD745C0446B /* PriceHistoryAnalytics.swift in Sources */,
				D209D945B48959FDBD0F5167 /* PriceHistoryView.swift in Sources */,
				6D3A916F4FFFD046EA8D9084 /* PricePoint.swift in Sources */,
				F7A3D278F73442723EEE1127 /* ProductLinkButton.swift in Sources */,
				5FD0F38CB59506BAA679A767 /* PushNotificationService.swift in Sources */,
				D087D2B2FD791F46991691DE /* SampleDataLoader.swift in Sources */,
				2F7FC652F067C22849ACC3A6 /* SubmitView.swift in Sources */,
				1A85CB75623985CB3B184F44 /* SupabaseConfig.swift in Sources */,
				71E736D737F85FD54F1B3E62 /* TrendingPeptideCard.swift in Sources */,
				3B3ED2B70D8D679D66464EF1 /* Vendor.swift in Sources */,
				E1486536B650B5DDE218F6E6 /* VendorCatalog.swift in Sources */,
				577DECE657D162F51984E71E /* VendorCompareTable.swift in Sources */,
				985618EFD96BF48F5315D2B9 /* VendorPriceRow.swift in Sources */,
				94BE4A98A7EFAB942D2F3691 /* VendorsListSheet.swift in Sources */,
				7DFE2F2663B5ACCB07DC0F73 /* WatchlistView.swift in Sources */,
			);
			runOnlyForDeploymentPostprocessing = 0;
		};
/* End PBXSourcesBuildPhase section */

/* Begin XCBuildConfiguration section */
		0321FDE4519CEFFC52482CCB /* Release */ = {
			isa = XCBuildConfiguration;
			baseConfigurationReference = E66A2B1A2D891CF58950C6CB /* Secrets.xcconfig */;
			buildSettings = {
				ALWAYS_SEARCH_USER_PATHS = NO;
				CLANG_ANALYZER_NONNULL = YES;
				CLANG_ANALYZER_NUMBER_OBJECT_CONVERSION = YES_AGGRESSIVE;
				CLANG_CXX_LANGUAGE_STANDARD = "gnu++14";
				CLANG_CXX_LIBRARY = "libc++";
				CLANG_ENABLE_MODULES = YES;
				CLANG_ENABLE_OBJC_ARC = YES;
				CLANG_ENABLE_OBJC_WEAK = YES;
				CLANG_WARN_BLOCK_CAPTURE_AUTORELEASING = YES;
				CLANG_WARN_BOOL_CONVERSION = YES;
				CLANG_WARN_COMMA = YES;
				CLANG_WARN_CONSTANT_CONVERSION = YES;
				CLANG_WARN_DEPRECATED_OBJC_IMPLEMENTATIONS = YES;
				CLANG_WARN_DIRECT_OBJC_ISA_USAGE = YES_ERROR;
				CLANG_WARN_DOCUMENTATION_COMMENTS = YES;
				CLANG_WARN_EMPTY_BODY = YES;
				CLANG_WARN_ENUM_CONVERSION = YES;
				CLANG_WARN_INFINITE_RECURSION = YES;
				CLANG_WARN_INT_CONVERSION = YES;
				CLANG_WARN_NON_LITERAL_NULL_CONVERSION = YES;
				CLANG_WARN_OBJC_IMPLICIT_RETAIN_SELF = YES;
				CLANG_WARN_OBJC_LITERAL_CONVERSION = YES;
				CLANG_WARN_OBJC_ROOT_CLASS = YES_ERROR;
				CLANG_WARN_QUOTED_INCLUDE_IN_FRAMEWORK_HEADER = YES;
				CLANG_WARN_RANGE_LOOP_ANALYSIS = YES;
				CLANG_WARN_STRICT_PROTOTYPES = YES;
				CLANG_WARN_SUSPICIOUS_MOVE = YES;
				CLANG_WARN_UNGUARDED_AVAILABILITY = YES_AGGRESSIVE;
				CLANG_WARN_UNREACHABLE_CODE = YES;
				CLANG_WARN__DUPLICATE_METHOD_MATCH = YES;
				CODE_SIGN_STYLE = Automatic;
				COPY_PHASE_STRIP = NO;
				DEBUG_INFORMATION_FORMAT = "dwarf-with-dsym";
				ENABLE_NS_ASSERTIONS = NO;
				ENABLE_STRICT_OBJC_MSGSEND = YES;
				GCC_C_LANGUAGE_STANDARD = gnu11;
				GCC_NO_COMMON_BLOCKS = YES;
				GCC_WARN_64_TO_32_BIT_CONVERSION = YES;
				GCC_WARN_ABOUT_RETURN_TYPE = YES_ERROR;
				GCC_WARN_UNDECLARED_SELECTOR = YES;
				GCC_WARN_UNINITIALIZED_AUTOS = YES_AGGRESSIVE;
				GCC_WARN_UNUSED_FUNCTION = YES;
				GCC_WARN_UNUSED_VARIABLE = YES;
				IPHONEOS_DEPLOYMENT_TARGET = 17.0;
				MTL_ENABLE_DEBUG_INFO = NO;
				MTL_FAST_MATH = YES;
				PRODUCT_NAME = "$(TARGET_NAME)";
				SDKROOT = iphoneos;
				SWIFT_COMPILATION_MODE = wholemodule;
				SWIFT_OPTIMIZATION_LEVEL = "-O";
				SWIFT_VERSION = 5.9;
			};
			name = Release;
		};
		131E9905944ED29F00B9F431 /* Debug */ = {
			isa = XCBuildConfiguration;
			buildSettings = {
				ASSETCATALOG_COMPILER_APPICON_NAME = AppIcon;
				CODE_SIGN_ENTITLEMENTS = "";
				CODE_SIGN_IDENTITY = "iPhone Developer";
				CURRENT_PROJECT_VERSION = 3;
				GENERATE_INFOPLIST_FILE = YES;
				INFOPLIST_FILE = PeptidePriceTracker/Info.plist;
				INFOPLIST_KEY_UIApplicationSceneManifest_Generation = YES;
				INFOPLIST_KEY_UILaunchScreen_Generation = YES;
				INFOPLIST_KEY_UISupportedInterfaceOrientations_iPhone = UIInterfaceOrientationPortrait;
				LD_RUNPATH_SEARCH_PATHS = (
					"$(inherited)",
					"@executable_path/Frameworks",
				);
				MARKETING_VERSION = 1.2;
				PRODUCT_BUNDLE_IDENTIFIER = com.peptideprice.tracker;
				SDKROOT = iphoneos;
				TARGETED_DEVICE_FAMILY = "1,2";
			};
			name = Debug;
		};
		64F5EBB2BD8C983D7AA2CC70 /* Debug */ = {
			isa = XCBuildConfiguration;
			baseConfigurationReference = E66A2B1A2D891CF58950C6CB /* Secrets.xcconfig */;
			buildSettings = {
				ALWAYS_SEARCH_USER_PATHS = NO;
				CLANG_ANALYZER_NONNULL = YES;
				CLANG_ANALYZER_NUMBER_OBJECT_CONVERSION = YES_AGGRESSIVE;
				CLANG_CXX_LANGUAGE_STANDARD = "gnu++14";
				CLANG_CXX_LIBRARY = "libc++";
				CLANG_ENABLE_MODULES = YES;
				CLANG_ENABLE_OBJC_ARC = YES;
				CLANG_ENABLE_OBJC_WEAK = YES;
				CLANG_WARN_BLOCK_CAPTURE_AUTORELEASING = YES;
				CLANG_WARN_BOOL_CONVERSION = YES;
				CLANG_WARN_COMMA = YES;
				CLANG_WARN_CONSTANT_CONVERSION = YES;
				CLANG_WARN_DEPRECATED_OBJC_IMPLEMENTATIONS = YES;
				CLANG_WARN_DIRECT_OBJC_ISA_USAGE = YES_ERROR;
				CLANG_WARN_DOCUMENTATION_COMMENTS = YES;
				CLANG_WARN_EMPTY_BODY = YES;
				CLANG_WARN_ENUM_CONVERSION = YES;
				CLANG_WARN_INFINITE_RECURSION = YES;
				CLANG_WARN_INT_CONVERSION = YES;
				CLANG_WARN_NON_LITERAL_NULL_CONVERSION = YES;
				CLANG_WARN_OBJC_IMPLICIT_RETAIN_SELF = YES;
				CLANG_WARN_OBJC_LITERAL_CONVERSION = YES;
				CLANG_WARN_OBJC_ROOT_CLASS = YES_ERROR;
				CLANG_WARN_QUOTED_INCLUDE_IN_FRAMEWORK_HEADER = YES;
				CLANG_WARN_RANGE_LOOP_ANALYSIS = YES;
				CLANG_WARN_STRICT_PROTOTYPES = YES;
				CLANG_WARN_SUSPICIOUS_MOVE = YES;
				CLANG_WARN_UNGUARDED_AVAILABILITY = YES_AGGRESSIVE;
				CLANG_WARN_UNREACHABLE_CODE = YES;
				CLANG_WARN__DUPLICATE_METHOD_MATCH = YES;
				CODE_SIGN_STYLE = Automatic;
				COPY_PHASE_STRIP = NO;
				DEBUG_INFORMATION_FORMAT = dwarf;
				ENABLE_STRICT_OBJC_MSGSEND = YES;
				ENABLE_TESTABILITY = YES;
				GCC_C_LANGUAGE_STANDARD = gnu11;
				GCC_DYNAMIC_NO_PIC = NO;
				GCC_NO_COMMON_BLOCKS = YES;
				GCC_OPTIMIZATION_LEVEL = 0;
				GCC_PREPROCESSOR_DEFINITIONS = (
					"$(inherited)",
					"DEBUG=1",
				);
				GCC_WARN_64_TO_32_BIT_CONVERSION = YES;
				GCC_WARN_ABOUT_RETURN_TYPE = YES_ERROR;
				GCC_WARN_UNDECLARED_SELECTOR = YES;
				GCC_WARN_UNINITIALIZED_AUTOS = YES_AGGRESSIVE;
				GCC_WARN_UNUSED_FUNCTION = YES;
				GCC_WARN_UNUSED_VARIABLE = YES;
				IPHONEOS_DEPLOYMENT_TARGET = 17.0;
				MTL_ENABLE_DEBUG_INFO = INCLUDE_SOURCE;
				MTL_FAST_MATH = YES;
				ONLY_ACTIVE_ARCH = YES;
				PRODUCT_NAME = "$(TARGET_NAME)";
				SDKROOT = iphoneos;
				SWIFT_ACTIVE_COMPILATION_CONDITIONS = DEBUG;
				SWIFT_OPTIMIZATION_LEVEL = "-Onone";
				SWIFT_VERSION = 5.9;
			};
			name = Debug;
		};
		D08891AEDA6B1C7F79FAD527 /* Release */ = {
			isa = XCBuildConfiguration;
			buildSettings = {
				ASSETCATALOG_COMPILER_APPICON_NAME = AppIcon;
				CODE_SIGN_ENTITLEMENTS = PeptidePriceTracker/PeptidePriceTracker.entitlements;
				CODE_SIGN_IDENTITY = "iPhone Developer";
				CURRENT_PROJECT_VERSION = 3;
				GENERATE_INFOPLIST_FILE = YES;
				INFOPLIST_FILE = PeptidePriceTracker/Info.plist;
				INFOPLIST_KEY_UIApplicationSceneManifest_Generation = YES;
				INFOPLIST_KEY_UILaunchScreen_Generation = YES;
				INFOPLIST_KEY_UISupportedInterfaceOrientations_iPhone = UIInterfaceOrientationPortrait;
				LD_RUNPATH_SEARCH_PATHS = (
					"$(inherited)",
					"@executable_path/Frameworks",
				);
				MARKETING_VERSION = 1.2;
				PRODUCT_BUNDLE_IDENTIFIER = com.peptideprice.tracker;
				SDKROOT = iphoneos;
				TARGETED_DEVICE_FAMILY = "1,2";
			};
			name = Release;
		};
/* End XCBuildConfiguration section */

/* Begin XCConfigurationList section */
		C15CD9FDEB8CE81CDCCED1F0 /* Build configuration list for PBXNativeTarget "PeptidePriceTracker" */ = {
			isa = XCConfigurationList;
			buildConfigurations = (
				131E9905944ED29F00B9F431 /* Debug */,
				D08891AEDA6B1C7F79FAD527 /* Release */,
			);
			defaultConfigurationIsVisible = 0;
			defaultConfigurationName = Debug;
		};
		D597BD2DFC58E0A219E078BF /* Build configuration list for PBXProject "PeptidePriceTracker" */ = {
			isa = XCConfigurationList;
			buildConfigurations = (
				64F5EBB2BD8C983D7AA2CC70 /* Debug */,
				0321FDE4519CEFFC52482CCB /* Release */,
			);
			defaultConfigurationIsVisible = 0;
			defaultConfigurationName = Debug;
		};
/* End XCConfigurationList section */
	};
	rootObject = 0C195237C01E73E7C757B410 /* Project object */;
}
